# THIS IS AN AUTOGENERATED FILE. DO NOT EDIT THIS FILE DIRECTLY.
# yarn lockfile v1


"@hotwired/turbo-rails@^8.0.12":
  version "8.0.12"
  resolved "https://registry.yarnpkg.com/@hotwired/turbo-rails/-/turbo-rails-8.0.12.tgz#6f1a2661122c0a2bf717f3bc68b5106638798c89"
  integrity sha512-ZXwu9ez+Gd4RQNeHIitqOQgi/LyqY8J4JqsUN0nnYiZDBRq7IreeFdMbz29VdJpIsmYqwooE4cFzPU7QvJkQkA==
  dependencies:
    "@hotwired/turbo" "^8.0.12"
    "@rails/actioncable" "^7.0"

"@hotwired/turbo@^8.0.12":
  version "8.0.12"
  resolved "https://registry.yarnpkg.com/@hotwired/turbo/-/turbo-8.0.12.tgz#50aa8345d7f62402680c6d2d9814660761837001"
  integrity sha512-l3BiQRkD7qrnQv6ms6sqPLczvwbQpXt5iAVwjDvX0iumrz6yEonQkNAzNjeDX25/OJMFDTxpHjkJZHGpM9ikWw==

"@rails/actioncable@^7.0":
  version "7.2.201"
  resolved "https://registry.yarnpkg.com/@rails/actioncable/-/actioncable-7.2.201.tgz#bfb3da01b3e2462f5a18f372c52dedd7de76037f"
  integrity sha512-wsTdWoZ5EfG5k3t7ORdyQF0ZmDEgN4aVPCanHAiNEwCROqibSZMXXmCbH7IDJUVri4FOeAVwwbPINI7HVHPKBw==

jquery@^3.7.1:
  version "3.7.1"
  resolved "https://registry.yarnpkg.com/jquery/-/jquery-3.7.1.tgz#083ef98927c9a6a74d05a6af02806566d16274de"
  integrity sha512-m4avr8yL8kmFN8psrbFFFmB/If14iN5o9nw/NgnnM+kybDJpRsAynV2BsfpTYrTRysYUdADVD7CkUUizgkpLfg==
